// !$*UTF8*$!
{
	archiveVersion = 1;
	classes = {
	};
	objectVersion = 56;
	objects = {

/* Begin PBXBuildFile section */
		8C236F042B21038F000081F1 /* ISO8601M1.framework in Frameworks */ = {isa = PBXBuildFile; fileRef = 8C236EFB2B21038F000081F1 /* ISO8601M1.framework */; };
		8C236F092B21038F000081F1 /* ISO8601M1Tests.m in Sources */ = {isa = PBXBuildFile; fileRef = 8C236F082B21038F000081F1 /* ISO8601M1Tests.m */; };
		8C236F0A2B21038F000081F1 /* ISO8601M1.h in Headers */ = {isa = PBXBuildFile; fileRef = 8C236EFE2B21038F000081F1 /* ISO8601M1.h */; settings = {ATTRIBUTES = (Public, ); }; };
		8C236F162B2103C6000081F1 /* ISO8601Serialization.h in Headers */ = {isa = PBXBuildFile; fileRef = 8C236F142B2103C6000081F1 /* ISO8601Serialization.h */; settings = {ATTRIBUTES = (Public, ); }; };
		8C236F172B2103C6000081F1 /* ISO8601Serialization.m in Sources */ = {isa = PBXBuildFile; fileRef = 8C236F152B2103C6000081F1 /* ISO8601Serialization.m */; };
		8C236F1A2B21040A000081F1 /* NSDate+ISO8601.h in Headers */ = {isa = PBXBuildFile; fileRef = 8C236F182B21040A000081F1 /* NSDate+ISO8601.h */; settings = {ATTRIBUTES = (Public, ); }; };
		8C236F1B2B21040A000081F1 /* NSDate+ISO8601.m in Sources */ = {isa = PBXBuildFile; fileRef = 8C236F192B21040A000081F1 /* NSDate+ISO8601.m */; };
/* End PBXBuildFile section */

/* Begin PBXContainerItemProxy section */
		8C236F052B21038F000081F1 /* PBXContainerItemProxy */ = {
			isa = PBXContainerItemProxy;
			containerPortal = 8C236EF22B21038E000081F1 /* Project object */;
			proxyType = 1;
			remoteGlobalIDString = 8C236EFA2B21038F000081F1;
			remoteInfo = ISO8601M1;
		};
/* End PBXContainerItemProxy section */

/* Begin PBXFileReference section */
		8C236EFB2B21038F000081F1 /* ISO8601M1.framework */ = {isa = PBXFileReference; explicitFileType = wrapper.framework; includeInIndex = 0; path = ISO8601M1.framework; sourceTree = BUILT_PRODUCTS_DIR; };
		8C236EFE2B21038F000081F1 /* ISO8601M1.h */ = {isa = PBXFileReference; lastKnownFileType = sourcecode.c.h; path = ISO8601M1.h; sourceTree = "<group>"; };
		8C236F032B21038F000081F1 /* ISO8601M1Tests.xctest */ = {isa = PBXFileReference; explicitFileType = wrapper.cfbundle; includeInIndex = 0; path = ISO8601M1Tests.xctest; sourceTree = BUILT_PRODUCTS_DIR; };
		8C236F082B21038F000081F1 /* ISO8601M1Tests.m */ = {isa = PBXFileReference; lastKnownFileType = sourcecode.c.objc; path = ISO8601M1Tests.m; sourceTree = "<group>"; };
		8C236F142B2103C6000081F1 /* ISO8601Serialization.h */ = {isa = PBXFileReference; lastKnownFileType = sourcecode.c.h; path = ISO8601Serialization.h; sourceTree = "<group>"; };
		8C236F152B2103C6000081F1 /* ISO8601Serialization.m */ = {isa = PBXFileReference; lastKnownFileType = sourcecode.c.objc; path = ISO8601Serialization.m; sourceTree = "<group>"; };
		8C236F182B21040A000081F1 /* NSDate+ISO8601.h */ = {isa = PBXFileReference; lastKnownFileType = sourcecode.c.h; path = "NSDate+ISO8601.h"; sourceTree = "<group>"; };
		8C236F192B21040A000081F1 /* NSDate+ISO8601.m */ = {isa = PBXFileReference; lastKnownFileType = sourcecode.c.objc; path = "NSDate+ISO8601.m"; sourceTree = "<group>"; };
/* End PBXFileReference section */

/* Begin PBXFrameworksBuildPhase section */
		8C236EF82B21038F000081F1 /* Frameworks */ = {
			isa = PBXFrameworksBuildPhase;
			buildActionMask = 2147483647;
			files = (
			);
			runOnlyForDeploymentPostprocessing = 0;
		};
		8C236F002B21038F000081F1 /* Frameworks */ = {
			isa = PBXFrameworksBuildPhase;
			buildActionMask = 2147483647;
			files = (
				8C236F042B21038F000081F1 /* ISO8601M1.framework in Frameworks */,
			);
			runOnlyForDeploymentPostprocessing = 0;
		};
/* End PBXFrameworksBuildPhase section */

/* Begin PBXGroup section */
		8C236EF12B21038E000081F1 = {
			isa = PBXGroup;
			children = (
				8C236F132B2103AA000081F1 /* Sources */,
				8C236EFD2B21038F000081F1 /* Support */,
				8C236F072B21038F000081F1 /* ISO8601M1Tests */,
				8C236EFC2B21038F000081F1 /* Products */,
			);
			sourceTree = "<group>";
		};
		8C236EFC2B21038F000081F1 /* Products */ = {
			isa = PBXGroup;
			children = (
				8C236EFB2B21038F000081F1 /* ISO8601M1.framework */,
				8C236F032B21038F000081F1 /* ISO8601M1Tests.xctest */,
			);
			name = Products;
			sourceTree = "<group>";
		};
		8C236EFD2B21038F000081F1 /* Support */ = {
			isa = PBXGroup;
			children = (
				8C236EFE2B21038F000081F1 /* ISO8601M1.h */,
			);
			path = Support;
			sourceTree = "<group>";
		};
		8C236F072B21038F000081F1 /* ISO8601M1Tests */ = {
			isa = PBXGroup;
			children = (
				8C236F082B21038F000081F1 /* ISO8601M1Tests.m */,
			);
			path = ISO8601M1Tests;
			sourceTree = "<group>";
		};
		8C236F132B2103AA000081F1 /* Sources */ = {
			isa = PBXGroup;
			children = (
				8C236F142B2103C6000081F1 /* ISO8601Serialization.h */,
				8C236F152B2103C6000081F1 /* ISO8601Serialization.m */,
				8C236F182B21040A000081F1 /* NSDate+ISO8601.h */,
				8C236F192B21040A000081F1 /* NSDate+ISO8601.m */,
			);
			path = Sources;
			sourceTree = "<group>";
		};
/* End PBXGroup section */

/* Begin PBXHeadersBuildPhase section */
		8C236EF62B21038F000081F1 /* Headers */ = {
			isa = PBXHeadersBuildPhase;
			buildActionMask = 2147483647;
			files = (
				8C236F1A2B21040A000081F1 /* NSDate+ISO8601.h in Headers */,
				8C236F162B2103C6000081F1 /* ISO8601Serialization.h in Headers */,
				8C236F0A2B21038F000081F1 /* ISO8601M1.h in Headers */,
			);
			runOnlyForDeploymentPostprocessing = 0;
		};
/* End PBXHeadersBuildPhase section */

/* Begin PBXNativeTarget section */
		8C236EFA2B21038F000081F1 /* ISO8601M1 */ = {
			isa = PBXNativeTarget;
			buildConfigurationList = 8C236F0D2B21038F000081F1 /* Build configuration list for PBXNativeTarget "ISO8601M1" */;
			buildPhases = (
				8C236EF62B21038F000081F1 /* Headers */,
				8C236EF72B21038F000081F1 /* Sources */,
				8C236EF82B21038F000081F1 /* Frameworks */,
				8C236EF92B21038F000081F1 /* Resources */,
			);
			buildRules = (
			);
			dependencies = (
			);
			name = ISO8601M1;
			productName = ISO8601M1;
			productReference = 8C236EFB2B21038F000081F1 /* ISO8601M1.framework */;
			productType = "com.apple.product-type.framework";
		};
		8C236F022B21038F000081F1 /* ISO8601M1Tests */ = {
			isa = PBXNativeTarget;
			buildConfigurationList = 8C236F102B21038F000081F1 /* Build configuration list for PBXNativeTarget "ISO8601M1Tests" */;
			buildPhases = (
				8C236EFF2B21038F000081F1 /* Sources */,
				8C236F002B21038F000081F1 /* Frameworks */,
				8C236F012B21038F000081F1 /* Resources */,
			);
			buildRules = (
			);
			dependencies = (
				8C236F062B21038F000081F1 /* PBXTargetDependency */,
			);
			name = ISO8601M1Tests;
			productName = ISO8601M1Tests;
			productReference = 8C236F032B21038F000081F1 /* ISO8601M1Tests.xctest */;
			productType = "com.apple.product-type.bundle.unit-test";
		};
/* End PBXNativeTarget section */

/* Begin PBXProject section */
		8C236EF22B21038E000081F1 /* Project object */ = {
			isa = PBXProject;
			attributes = {
				BuildIndependentTargetsInParallel = 1;
				LastUpgradeCheck = 1500;
				TargetAttributes = {
					8C236EFA2B21038F000081F1 = {
						CreatedOnToolsVersion = 15.0.1;
					};
					8C236F022B21038F000081F1 = {
						CreatedOnToolsVersion = 15.0.1;
					};
				};
			};
			buildConfigurationList = 8C236EF52B21038E000081F1 /* Build configuration list for PBXProject "ISO8601M1" */;
			compatibilityVersion = "Xcode 14.0";
			developmentRegion = en;
			hasScannedForEncodings = 0;
			knownRegions = (
				en,
				Base,
			);
			mainGroup = 8C236EF12B21038E000081F1;
			productRefGroup = 8C236EFC2B21038F000081F1 /* Products */;
			projectDirPath = "";
			projectRoot = "";
			targets = (
				8C236EFA2B21038F000081F1 /* ISO8601M1 */,
				8C236F022B21038F000081F1 /* ISO8601M1Tests */,
			);
		};
/* End PBXProject section */

/* Begin PBXResourcesBuildPhase section */
		8C236EF92B21038F000081F1 /* Resources */ = {
			isa = PBXResourcesBuildPhase;
			buildActionMask = 2147483647;
			files = (
			);
			runOnlyForDeploymentPostprocessing = 0;
		};
		8C236F012B21038F000081F1 /* Resources */ = {
			isa = PBXResourcesBuildPhase;
			buildActionMask = 2147483647;
			files = (
			);
			runOnlyForDeploymentPostprocessing = 0;
		};
/* End PBXResourcesBuildPhase section */

/* Begin PBXSourcesBuildPhase section */
		8C236EF72B21038F000081F1 /* Sources */ = {
			isa = PBXSourcesBuildPhase;
			buildActionMask = 2147483647;
			files = (
				8C236F172B2103C6000081F1 /* ISO8601Serialization.m in Sources */,
				8C236F1B2B21040A000081F1 /* NSDate+ISO8601.m in Sources */,
			);
			runOnlyForDeploymentPostprocessing = 0;
		};
		8C236EFF2B21038F000081F1 /* Sources */ = {
			isa = PBXSourcesBuildPhase;
			buildActionMask = 2147483647;
			files = (
				8C236F092B21038F000081F1 /* ISO8601M1Tests.m in Sources */,
			);
			runOnlyForDeploymentPostprocessing = 0;
		};
/* End PBXSourcesBuildPhase section */

/* Begin PBXTargetDependency section */
		8C236F062B21038F000081F1 /* PBXTargetDependency */ = {
			isa = PBXTargetDependency;
			target = 8C236EFA2B21038F000081F1 /* ISO8601M1 */;
			targetProxy = 8C236F052B21038F000081F1 /* PBXContainerItemProxy */;
		};
/* End PBXTargetDependency section */

/* Begin XCBuildConfiguration section */
		8C236F0B2B21038F000081F1 /* Debug */ = {
			isa = XCBuildConfiguration;
			buildSettings = {
				ALWAYS_SEARCH_USER_PATHS = NO;
				ASSETCATALOG_COMPILER_GENERATE_SWIFT_ASSET_SYMBOL_EXTENSIONS = YES;
				CLANG_ANALYZER_NONNULL = YES;
				CLANG_ANALYZER_NUMBER_OBJECT_CONVERSION = YES_AGGRESSIVE;
				CLANG_CXX_LANGUAGE_STANDARD = "gnu++20";
				CLANG_ENABLE_MODULES = YES;
				CLANG_ENABLE_OBJC_ARC = YES;
				CLANG_ENABLE_OBJC_WEAK = YES;
				CLANG_WARN_BLOCK_CAPTURE_AUTORELEASING = YES;
				CLANG_WARN_BOOL_CONVERSION = YES;
				CLANG_WARN_COMMA = YES;
				CLANG_WARN_CONSTANT_CONVERSION = YES;
				CLANG_WARN_DEPRECATED_OBJC_IMPLEMENTATIONS = YES;
				CLANG_WARN_DIRECT_OBJC_ISA_USAGE = YES_ERROR;
				CLANG_WARN_DOCUMENTATION_COMMENTS = YES;
				CLANG_WARN_EMPTY_BODY = YES;
				CLANG_WARN_ENUM_CONVERSION = YES;
				CLANG_WARN_INFINITE_RECURSION = YES;
				CLANG_WARN_INT_CONVERSION = YES;
				CLANG_WARN_NON_LITERAL_NULL_CONVERSION = YES;
				CLANG_WARN_OBJC_IMPLICIT_RETAIN_SELF = YES;
				CLANG_WARN_OBJC_LITERAL_CONVERSION = YES;
				CLANG_WARN_OBJC_ROOT_CLASS = YES_ERROR;
				CLANG_WARN_QUOTED_INCLUDE_IN_FRAMEWORK_HEADER = YES;
				CLANG_WARN_RANGE_LOOP_ANALYSIS = YES;
				CLANG_WARN_STRICT_PROTOTYPES = YES;
				CLANG_WARN_SUSPICIOUS_MOVE = YES;
				CLANG_WARN_UNGUARDED_AVAILABILITY = YES_AGGRESSIVE;
				CLANG_WARN_UNREACHABLE_CODE = YES;
				CLANG_WARN__DUPLICATE_METHOD_MATCH = YES;
				COPY_PHASE_STRIP = NO;
				CURRENT_PROJECT_VERSION = 1;
				DEBUG_INFORMATION_FORMAT = dwarf;
				ENABLE_STRICT_OBJC_MSGSEND = YES;
				ENABLE_TESTABILITY = YES;
				ENABLE_USER_SCRIPT_SANDBOXING = YES;
				GCC_C_LANGUAGE_STANDARD = gnu17;
				GCC_DYNAMIC_NO_PIC = NO;
				GCC_NO_COMMON_BLOCKS = YES;
				GCC_OPTIMIZATION_LEVEL = 0;
				GCC_PREPROCESSOR_DEFINITIONS = (
					"DEBUG=1",
					"$(inherited)",
				);
				GCC_WARN_64_TO_32_BIT_CONVERSION = YES;
				GCC_WARN_ABOUT_RETURN_TYPE = YES_ERROR;
				GCC_WARN_UNDECLARED_SELECTOR = YES;
				GCC_WARN_UNINITIALIZED_AUTOS = YES_AGGRESSIVE;
				GCC_WARN_UNUSED_FUNCTION = YES;
				GCC_WARN_UNUSED_VARIABLE = YES;
				IPHONEOS_DEPLOYMENT_TARGET = 17.0;
				LOCALIZATION_PREFERS_STRING_CATALOGS = YES;
				MTL_ENABLE_DEBUG_INFO = INCLUDE_SOURCE;
				MTL_FAST_MATH = YES;
				ONLY_ACTIVE_ARCH = YES;
				SDKROOT = iphoneos;
				VERSIONING_SYSTEM = "apple-generic";
				VERSION_INFO_PREFIX = "";
			};
			name = Debug;
		};
		8C236F0C2B21038F000081F1 /* Release */ = {
			isa = XCBuildConfiguration;
			buildSettings = {
				ALWAYS_SEARCH_USER_PATHS = NO;
				ASSETCATALOG_COMPILER_GENERATE_SWIFT_ASSET_SYMBOL_EXTENSIONS = YES;
				CLANG_ANALYZER_NONNULL = YES;
				CLANG_ANALYZER_NUMBER_OBJECT_CONVERSION = YES_AGGRESSIVE;
				CLANG_CXX_LANGUAGE_STANDARD = "gnu++20";
				CLANG_ENABLE_MODULES = YES;
				CLANG_ENABLE_OBJC_ARC = YES;
				CLANG_ENABLE_OBJC_WEAK = YES;
				CLANG_WARN_BLOCK_CAPTURE_AUTORELEASING = YES;
				CLANG_WARN_BOOL_CONVERSION = YES;
				CLANG_WARN_COMMA = YES;
				CLANG_WARN_CONSTANT_CONVERSION = YES;
				CLANG_WARN_DEPRECATED_OBJC_IMPLEMENTATIONS = YES;
				CLANG_WARN_DIRECT_OBJC_ISA_USAGE = YES_ERROR;
				CLANG_WARN_DOCUMENTATION_COMMENTS = YES;
				CLANG_WARN_EMPTY_BODY = YES;
				CLANG_WARN_ENUM_CONVERSION = YES;
				CLANG_WARN_INFINITE_RECURSION = YES;
				CLANG_WARN_INT_CONVERSION = YES;
				CLANG_WARN_NON_LITERAL_NULL_CONVERSION = YES;
				CLANG_WARN_OBJC_IMPLICIT_RETAIN_SELF = YES;
				CLANG_WARN_OBJC_LITERAL_CONVERSION = YES;
				CLANG_WARN_OBJC_ROOT_CLASS = YES_ERROR;
				CLANG_WARN_QUOTED_INCLUDE_IN_FRAMEWORK_HEADER = YES;
				CLANG_WARN_RANGE_LOOP_ANALYSIS = YES;
				CLANG_WARN_STRICT_PROTOTYPES = YES;
				CLANG_WARN_SUSPICIOUS_MOVE = YES;
				CLANG_WARN_UNGUARDED_AVAILABILITY = YES_AGGRESSIVE;
				CLANG_WARN_UNREACHABLE_CODE = YES;
				CLANG_WARN__DUPLICATE_METHOD_MATCH = YES;
				COPY_PHASE_STRIP = NO;
				CURRENT_PROJECT_VERSION = 1;
				DEBUG_INFORMATION_FORMAT = "dwarf-with-dsym";
				ENABLE_NS_ASSERTIONS = NO;
				ENABLE_STRICT_OBJC_MSGSEND = YES;
				ENABLE_USER_SCRIPT_SANDBOXING = YES;
				GCC_C_LANGUAGE_STANDARD = gnu17;
				GCC_NO_COMMON_BLOCKS = YES;
				GCC_WARN_64_TO_32_BIT_CONVERSION = YES;
				GCC_WARN_ABOUT_RETURN_TYPE = YES_ERROR;
				GCC_WARN_UNDECLARED_SELECTOR = YES;
				GCC_WARN_UNINITIALIZED_AUTOS = YES_AGGRESSIVE;
				GCC_WARN_UNUSED_FUNCTION = YES;
				GCC_WARN_UNUSED_VARIABLE = YES;
				IPHONEOS_DEPLOYMENT_TARGET = 17.0;
				LOCALIZATION_PREFERS_STRING_CATALOGS = YES;
				MTL_ENABLE_DEBUG_INFO = NO;
				MTL_FAST_MATH = YES;
				SDKROOT = iphoneos;
				VALIDATE_PRODUCT = YES;
				VERSIONING_SYSTEM = "apple-generic";
				VERSION_INFO_PREFIX = "";
			};
			name = Release;
		};
		8C236F0E2B21038F000081F1 /* Debug */ = {
			isa = XCBuildConfiguration;
			buildSettings = {
				CODE_SIGN_STYLE = Automatic;
				CURRENT_PROJECT_VERSION = 1;
				DEFINES_MODULE = YES;
				DYLIB_COMPATIBILITY_VERSION = 1;
				DYLIB_CURRENT_VERSION = 1;
				DYLIB_INSTALL_NAME_BASE = "@rpath";
				ENABLE_MODULE_VERIFIER = YES;
				GENERATE_INFOPLIST_FILE = YES;
				INFOPLIST_KEY_NSHumanReadableCopyright = "";
				INSTALL_PATH = "$(LOCAL_LIBRARY_DIR)/Frameworks";
				IPHONEOS_DEPLOYMENT_TARGET = 13.0;
				LD_RUNPATH_SEARCH_PATHS = (
					"$(inherited)",
					"@executable_path/Frameworks",
					"@loader_path/Frameworks",
				);
				MARKETING_VERSION = 1.0;
				MODULE_VERIFIER_SUPPORTED_LANGUAGES = "objective-c objective-c++";
				MODULE_VERIFIER_SUPPORTED_LANGUAGE_STANDARDS = "gnu17 gnu++20";
				PRODUCT_BUNDLE_IDENTIFIER = dev.jmirota.ISO8601M1;
				PRODUCT_NAME = "$(TARGET_NAME:c99extidentifier)";
				SKIP_INSTALL = YES;
				SWIFT_EMIT_LOC_STRINGS = YES;
				TARGETED_DEVICE_FAMILY = "1,2";
			};
			name = Debug;
		};
		8C236F0F2B21038F000081F1 /* Release */ = {
			isa = XCBuildConfiguration;
			buildSettings = {
				CODE_SIGN_STYLE = Automatic;
				CURRENT_PROJECT_VERSION = 1;
				DEFINES_MODULE = YES;
				DYLIB_COMPATIBILITY_VERSION = 1;
				DYLIB_CURRENT_VERSION = 1;
				DYLIB_INSTALL_NAME_BASE = "@rpath";
				ENABLE_MODULE_VERIFIER = YES;
				GENERATE_INFOPLIST_FILE = YES;
				INFOPLIST_KEY_NSHumanReadableCopyright = "";
				INSTALL_PATH = "$(LOCAL_LIBRARY_DIR)/Frameworks";
				IPHONEOS_DEPLOYMENT_TARGET = 13.0;
				LD_RUNPATH_SEARCH_PATHS = (
					"$(inherited)",
					"@executable_path/Frameworks",
					"@loader_path/Frameworks",
				);
				MARKETING_VERSION = 1.0;
				MODULE_VERIFIER_SUPPORTED_LANGUAGES = "objective-c objective-c++";
				MODULE_VERIFIER_SUPPORTED_LANGUAGE_STANDARDS = "gnu17 gnu++20";
				PRODUCT_BUNDLE_IDENTIFIER = dev.jmirota.ISO8601M1;
				PRODUCT_NAME = "$(TARGET_NAME:c99extidentifier)";
				SKIP_INSTALL = YES;
				SWIFT_EMIT_LOC_STRINGS = YES;
				TARGETED_DEVICE_FAMILY = "1,2";
			};
			name = Release;
		};
		8C236F112B21038F000081F1 /* Debug */ = {
			isa = XCBuildConfiguration;
			buildSettings = {
				CODE_SIGN_STYLE = Automatic;
				CURRENT_PROJECT_VERSION = 1;
				GENERATE_INFOPLIST_FILE = YES;
				MARKETING_VERSION = 1.0;
				PRODUCT_BUNDLE_IDENTIFIER = dev.jmirota.ISO8601M1Tests;
				PRODUCT_NAME = "$(TARGET_NAME)";
				SWIFT_EMIT_LOC_STRINGS = NO;
				TARGETED_DEVICE_FAMILY = "1,2";
			};
			name = Debug;
		};
		8C236F122B21038F000081F1 /* Release */ = {
			isa = XCBuildConfiguration;
			buildSettings = {
				CODE_SIGN_STYLE = Automatic;
				CURRENT_PROJECT_VERSION = 1;
				GENERATE_INFOPLIST_FILE = YES;
				MARKETING_VERSION = 1.0;
				PRODUCT_BUNDLE_IDENTIFIER = dev.jmirota.ISO8601M1Tests;
				PRODUCT_NAME = "$(TARGET_NAME)";
				SWIFT_EMIT_LOC_STRINGS = NO;
				TARGETED_DEVICE_FAMILY = "1,2";
			};
			name = Release;
		};
/* End XCBuildConfiguration section */

/* Begin XCConfigurationList section */
		8C236EF52B21038E000081F1 /* Build configuration list for PBXProject "ISO8601M1" */ = {
			isa = XCConfigurationList;
			buildConfigurations = (
				8C236F0B2B21038F000081F1 /* Debug */,
				8C236F0C2B21038F000081F1 /* Release */,
			);
			defaultConfigurationIsVisible = 0;
			defaultConfigurationName = Release;
		};
		8C236F0D2B21038F000081F1 /* Build configuration list for PBXNativeTarget "ISO8601M1" */ = {
			isa = XCConfigurationList;
			buildConfigurations = (
				8C236F0E2B21038F000081F1 /* Debug */,
				8C236F0F2B21038F000081F1 /* Release */,
			);
			defaultConfigurationIsVisible = 0;
			defaultConfigurationName = Release;
		};
		8C236F102B21038F000081F1 /* Build configuration list for PBXNativeTarget "ISO8601M1Tests" */ = {
			isa = XCConfigurationList;
			buildConfigurations = (
				8C236F112B21038F000081F1 /* Debug */,
				8C236F122B21038F000081F1 /* Release */,
			);
			defaultConfigurationIsVisible = 0;
			defaultConfigurationName = Release;
		};
/* End XCConfigurationList section */
	};
	rootObject = 8C236EF22B21038E000081F1 /* Project object */;
}
